
Microsoft Visual Studio Solution File, Format Version 12.00
# Visual Studio Version 16
VisualStudioVersion = 16.0.29509.3
MinimumVisualStudioVersion = 10.0.40219.1
Project("{FAE04EC0-301F-11D3-BF4B-00C04F79EFBC}") = "MailKitMVC", "MailKitMVC.csproj", "{D2AE6973-4263-4206-B7CE-E5BEBAC1757E}"
EndProject
Global
	GlobalSection(SolutionConfigurationPlatforms) = preSolution
		Debug|Any CPU = Debug|Any CPU
		Release|Any CPU = Release|Any CPU
	EndGlobalSection
	GlobalSection(ProjectConfigurationPlatforms) = postSolution
		{D2AE6973-4263-4206-B7CE-E5BEBAC1757E}.Debug|Any CPU.ActiveCfg = Debug|Any CPU
		{D2AE6973-4263-4206-B7CE-E5BEBAC1757E}.Debug|Any CPU.Build.0 = Debug|Any CPU
		{D2AE6973-4263-4206-B7CE-E5BEBAC1757E}.Release|Any CPU.ActiveCfg = Release|Any CPU
		{D2AE6973-4263-4206-B7CE-E5BEBAC1757E}.Release|Any CPU.Build.0 = Release|Any CPU
	EndGlobalSection
	GlobalSection(SolutionProperties) = preSolution
		HideSolutionNode = FALSE
	EndGlobalSection
	GlobalSection(ExtensibilityGlobals) = postSolution
		SolutionGuid = {787505F5-85F4-4D5F-8006-CFEF39B735F3}
	EndGlobalSection
EndGlobal
